
Microsoft Visual Studio Solution File, Format Version 12.00
# Visual Studio Version 16
VisualStudioVersion = 16.0.30523.141
MinimumVisualStudioVersion = 10.0.40219.1
Project("{FAE04EC0-301F-11D3-BF4B-00C04F79EFBC}") = "КПЗ", "КПЗ\КПЗ.csproj", "{74C2A9F5-B68E-4E94-96EF-14B0E2EC9B2A}"
EndProject
Global
	GlobalSection(SolutionConfigurationPlatforms) = preSolution
		Debug|Any CPU = Debug|Any CPU
		Release|Any CPU = Release|Any CPU
	EndGlobalSection
	GlobalSection(ProjectConfigurationPlatforms) = postSolution
		{74C2A9F5-B68E-4E94-96EF-14B0E2EC9B2A}.Debug|Any CPU.ActiveCfg = Debug|Any CPU
		{74C2A9F5-B68E-4E94-96EF-14B0E2EC9B2A}.Debug|Any CPU.Build.0 = Debug|Any CPU
		{74C2A9F5-B68E-4E94-96EF-14B0E2EC9B2A}.Release|Any CPU.ActiveCfg = Release|Any CPU
		{74C2A9F5-B68E-4E94-96EF-14B0E2EC9B2A}.Release|Any CPU.Build.0 = Release|Any CPU
	EndGlobalSection
	GlobalSection(SolutionProperties) = preSolution
		HideSolutionNode = FALSE
	EndGlobalSection
	GlobalSection(ExtensibilityGlobals) = postSolution
		SolutionGuid = {12EF68E9-6622-4077-8F7A-D0CFDED22FBD}
	EndGlobalSection
EndGlobal
